
Microsoft Visual Studio Solution File, Format Version 12.00
# Visual Studio Version 17
VisualStudioVersion = 17.0.31903.59
MinimumVisualStudioVersion = 10.0.40219.1
Project("{2150E333-8FDC-42A3-9474-1A3956D46DE8}") = "src", "src", "{EEC420FC-56A5-46DC-8B8B-5621B6A95AD5}"
EndProject
Project("{FAE04EC0-301F-11D3-BF4B-00C04F79EFBC}") = "Tts.App", "src\Tts.App\Tts.App.csproj", "{9991D66B-E844-4284-BCBE-A81D4E6980F8}"
EndProject
Project("{FAE04EC0-301F-11D3-BF4B-00C04F79EFBC}") = "Tts.Core", "src\Tts.Core\Tts.Core.csproj", "{D104455A-3E42-43AA-B639-25110C9306F9}"
EndProject
Project("{FAE04EC0-301F-11D3-BF4B-00C04F79EFBC}") = "Tts.Cli", "src\Tts.Cli\Tts.Cli.csproj", "{ACE5A97D-1BB0-4812-8DB5-2F0870DD31B5}"
EndProject
Project("{FAE04EC0-301F-11D3-BF4B-00C04F79EFBC}") = "YtScribe.Core", "src\YtScribe.Core\YtScribe.Core.csproj", "{B1761D7F-343C-4CDE-9970-8C2C33188C06}"
EndProject
Project("{FAE04EC0-301F-11D3-BF4B-00C04F79EFBC}") = "YtScribe.Cli", "src\YtScribe.Cli\YtScribe.Cli.csproj", "{3451F1F2-E504-4F5C-892C-9BF0F7EBB7B4}"
EndProject
Project("{FAE04EC0-301F-11D3-BF4B-00C04F79EFBC}") = "YtChannel.Core", "src\YtChannel.Core\YtChannel.Core.csproj", "{F8391934-28A0-41F1-BECA-308A2ADD65AF}"
EndProject
Project("{FAE04EC0-301F-11D3-BF4B-00C04F79EFBC}") = "YtChannel.Cli", "src\YtChannel.Cli\YtChannel.Cli.csproj", "{8567BDEA-34AB-474D-A5B1-7D5CCD9DC284}"
EndProject
Project("{FAE04EC0-301F-11D3-BF4B-00C04F79EFBC}") = "TranscriptSummary.Core", "src\TranscriptSummary.Core\TranscriptSummary.Core.csproj", "{D07C2875-ACF8-40C8-A7A6-044023720D71}"
EndProject
Project("{FAE04EC0-301F-11D3-BF4B-00C04F79EFBC}") = "TranscriptSummary.Cli", "src\TranscriptSummary.Cli\TranscriptSummary.Cli.csproj", "{F37DF663-ADD5-4485-9117-73D509B4DC6E}"
EndProject
Global
	GlobalSection(SolutionConfigurationPlatforms) = preSolution
		Debug|Any CPU = Debug|Any CPU
		Release|Any CPU = Release|Any CPU
	EndGlobalSection
	GlobalSection(ProjectConfigurationPlatforms) = postSolution
		{9991D66B-E844-4284-BCBE-A81D4E6980F8}.Debug|Any CPU.ActiveCfg = Debug|Any CPU
		{9991D66B-E844-4284-BCBE-A81D4E6980F8}.Debug|Any CPU.Build.0 = Debug|Any CPU
		{9991D66B-E844-4284-BCBE-A81D4E6980F8}.Release|Any CPU.ActiveCfg = Release|Any CPU
		{9991D66B-E844-4284-BCBE-A81D4E6980F8}.Release|Any CPU.Build.0 = Release|Any CPU
		{D104455A-3E42-43AA-B639-25110C9306F9}.Debug|Any CPU.ActiveCfg = Debug|Any CPU
		{D104455A-3E42-43AA-B639-25110C9306F9}.Debug|Any CPU.Build.0 = Debug|Any CPU
		{D104455A-3E42-43AA-B639-25110C9306F9}.Release|Any CPU.ActiveCfg = Release|Any CPU
		{D104455A-3E42-43AA-B639-25110C9306F9}.Release|Any CPU.Build.0 = Release|Any CPU
		{ACE5A97D-1BB0-4812-8DB5-2F0870DD31B5}.Debug|Any CPU.ActiveCfg = Debug|Any CPU
		{ACE5A97D-1BB0-4812-8DB5-2F0870DD31B5}.Debug|Any CPU.Build.0 = Debug|Any CPU
		{ACE5A97D-1BB0-4812-8DB5-2F0870DD31B5}.Release|Any CPU.ActiveCfg = Release|Any CPU
		{ACE5A97D-1BB0-4812-8DB5-2F0870DD31B5}.Release|Any CPU.Build.0 = Release|Any CPU
		{B1761D7F-343C-4CDE-9970-8C2C33188C06}.Debug|Any CPU.ActiveCfg = Debug|Any CPU
		{B1761D7F-343C-4CDE-9970-8C2C33188C06}.Debug|Any CPU.Build.0 = Debug|Any CPU
		{B1761D7F-343C-4CDE-9970-8C2C33188C06}.Release|Any CPU.ActiveCfg = Release|Any CPU
		{B1761D7F-343C-4CDE-9970-8C2C33188C06}.Release|Any CPU.Build.0 = Release|Any CPU
		{3451F1F2-E504-4F5C-892C-9BF0F7EBB7B4}.Debug|Any CPU.ActiveCfg = Debug|Any CPU
		{3451F1F2-E504-4F5C-892C-9BF0F7EBB7B4}.Debug|Any CPU.Build.0 = Debug|Any CPU
		{3451F1F2-E504-4F5C-892C-9BF0F7EBB7B4}.Release|Any CPU.ActiveCfg = Release|Any CPU
		{3451F1F2-E504-4F5C-892C-9BF0F7EBB7B4}.Release|Any CPU.Build.0 = Release|Any CPU
		{F8391934-28A0-41F1-BECA-308A2ADD65AF}.Debug|Any CPU.ActiveCfg = Debug|Any CPU
		{F8391934-28A0-41F1-BECA-308A2ADD65AF}.Debug|Any CPU.Build.0 = Debug|Any CPU
		{F8391934-28A0-41F1-BECA-308A2ADD65AF}.Release|Any CPU.ActiveCfg = Release|Any CPU
		{F8391934-28A0-41F1-BECA-308A2ADD65AF}.Release|Any CPU.Build.0 = Release|Any CPU
		{8567BDEA-34AB-474D-A5B1-7D5CCD9DC284}.Debug|Any CPU.ActiveCfg = Debug|Any CPU
		{8567BDEA-34AB-474D-A5B1-7D5CCD9DC284}.Debug|Any CPU.Build.0 = Debug|Any CPU
		{8567BDEA-34AB-474D-A5B1-7D5CCD9DC284}.Release|Any CPU.ActiveCfg = Release|Any CPU
		{8567BDEA-34AB-474D-A5B1-7D5CCD9DC284}.Release|Any CPU.Build.0 = Release|Any CPU
		{D07C2875-ACF8-40C8-A7A6-044023720D71}.Debug|Any CPU.ActiveCfg = Debug|Any CPU
		{D07C2875-ACF8-40C8-A7A6-044023720D71}.Debug|Any CPU.Build.0 = Debug|Any CPU
		{D07C2875-ACF8-40C8-A7A6-044023720D71}.Release|Any CPU.ActiveCfg = Release|Any CPU
		{D07C2875-ACF8-40C8-A7A6-044023720D71}.Release|Any CPU.Build.0 = Release|Any CPU
		{F37DF663-ADD5-4485-9117-73D509B4DC6E}.Debug|Any CPU.ActiveCfg = Debug|Any CPU
		{F37DF663-ADD5-4485-9117-73D509B4DC6E}.Debug|Any CPU.Build.0 = Debug|Any CPU
		{F37DF663-ADD5-4485-9117-73D509B4DC6E}.Release|Any CPU.ActiveCfg = Release|Any CPU
		{F37DF663-ADD5-4485-9117-73D509B4DC6E}.Release|Any CPU.Build.0 = Release|Any CPU
	EndGlobalSection
	GlobalSection(SolutionProperties) = preSolution
		HideSolutionNode = FALSE
	EndGlobalSection
	GlobalSection(NestedProjects) = preSolution
		{9991D66B-E844-4284-BCBE-A81D4E6980F8} = {EEC420FC-56A5-46DC-8B8B-5621B6A95AD5}
		{D104455A-3E42-43AA-B639-25110C9306F9} = {EEC420FC-56A5-46DC-8B8B-5621B6A95AD5}
		{ACE5A97D-1BB0-4812-8DB5-2F0870DD31B5} = {EEC420FC-56A5-46DC-8B8B-5621B6A95AD5}
		{B1761D7F-343C-4CDE-9970-8C2C33188C06} = {EEC420FC-56A5-46DC-8B8B-5621B6A95AD5}
		{3451F1F2-E504-4F5C-892C-9BF0F7EBB7B4} = {EEC420FC-56A5-46DC-8B8B-5621B6A95AD5}
		{F8391934-28A0-41F1-BECA-308A2ADD65AF} = {EEC420FC-56A5-46DC-8B8B-5621B6A95AD5}
		{8567BDEA-34AB-474D-A5B1-7D5CCD9DC284} = {EEC420FC-56A5-46DC-8B8B-5621B6A95AD5}
		{D07C2875-ACF8-40C8-A7A6-044023720D71} = {EEC420FC-56A5-46DC-8B8B-5621B6A95AD5}
		{F37DF663-ADD5-4485-9117-73D509B4DC6E} = {EEC420FC-56A5-46DC-8B8B-5621B6A95AD5}
	EndGlobalSection
EndGlobal
