
Microsoft Visual Studio Solution File, Format Version 12.00
# Visual Studio Version 17
VisualStudioVersion = 17.0.31903.59
MinimumVisualStudioVersion = 10.0.40219.1
Project("{2150E333-8FDC-42A3-9474-1A3956D46DE8}") = "src", "src", "{EEC420FC-56A5-46DC-8B8B-5621B6A95AD5}"
EndProject
Project("{FAE04EC0-301F-11D3-BF4B-00C04F79EFBC}") = "Tts.App", "src\Tts.App\Tts.App.csproj", "{9991D66B-E844-4284-BCBE-A81D4E6980F8}"
EndProject
Project("{FAE04EC0-301F-11D3-BF4B-00C04F79EFBC}") = "Tts.Core", "src\Tts.Core\Tts.Core.csproj", "{D104455A-3E42-43AA-B639-25110C9306F9}"
EndProject
Project("{FAE04EC0-301F-11D3-BF4B-00C04F79EFBC}") = "Tts.Cli", "src\Tts.Cli\Tts.Cli.csproj", "{ACE5A97D-1BB0-4812-8DB5-2F0870DD31B5}"
EndProject
Global
	GlobalSection(SolutionConfigurationPlatforms) = preSolution
		Debug|Any CPU = Debug|Any CPU
		Release|Any CPU = Release|Any CPU
	EndGlobalSection
	GlobalSection(SolutionProperties) = preSolution
		HideSolutionNode = FALSE
	EndGlobalSection
	GlobalSection(ProjectConfigurationPlatforms) = postSolution
		{9991D66B-E844-4284-BCBE-A81D4E6980F8}.Debug|Any CPU.ActiveCfg = Debug|Any CPU
		{9991D66B-E844-4284-BCBE-A81D4E6980F8}.Debug|Any CPU.Build.0 = Debug|Any CPU
		{9991D66B-E844-4284-BCBE-A81D4E6980F8}.Release|Any CPU.ActiveCfg = Release|Any CPU
		{9991D66B-E844-4284-BCBE-A81D4E6980F8}.Release|Any CPU.Build.0 = Release|Any CPU
		{D104455A-3E42-43AA-B639-25110C9306F9}.Debug|Any CPU.ActiveCfg = Debug|Any CPU
		{D104455A-3E42-43AA-B639-25110C9306F9}.Debug|Any CPU.Build.0 = Debug|Any CPU
		{D104455A-3E42-43AA-B639-25110C9306F9}.Release|Any CPU.ActiveCfg = Release|Any CPU
		{D104455A-3E42-43AA-B639-25110C9306F9}.Release|Any CPU.Build.0 = Release|Any CPU
		{ACE5A97D-1BB0-4812-8DB5-2F0870DD31B5}.Debug|Any CPU.ActiveCfg = Debug|Any CPU
		{ACE5A97D-1BB0-4812-8DB5-2F0870DD31B5}.Debug|Any CPU.Build.0 = Debug|Any CPU
		{ACE5A97D-1BB0-4812-8DB5-2F0870DD31B5}.Release|Any CPU.ActiveCfg = Release|Any CPU
		{ACE5A97D-1BB0-4812-8DB5-2F0870DD31B5}.Release|Any CPU.Build.0 = Release|Any CPU
	EndGlobalSection
	GlobalSection(NestedProjects) = preSolution
		{9991D66B-E844-4284-BCBE-A81D4E6980F8} = {EEC420FC-56A5-46DC-8B8B-5621B6A95AD5}
		{D104455A-3E42-43AA-B639-25110C9306F9} = {EEC420FC-56A5-46DC-8B8B-5621B6A95AD5}
		{ACE5A97D-1BB0-4812-8DB5-2F0870DD31B5} = {EEC420FC-56A5-46DC-8B8B-5621B6A95AD5}
	EndGlobalSection
EndGlobal
